// !$*UTF8*$!
{
	archiveVersion = 1;
	classes = {
	};
	objectVersion = 46;
	objects = {

/* Begin PBXBuildFile section */
		A79F9FF01DB9D02300AEB00A /* AppDelegate.swift in Sources */ = {isa = PBXBuildFile; fileRef = A79F9FEF1DB9D02300AEB00A /* AppDelegate.swift */; };
		A79F9FF21DB9D02300AEB00A /* ViewController.swift in Sources */ = {isa = PBXBuildFile; fileRef = A79F9FF11DB9D02300AEB00A /* ViewController.swift */; };
		A79F9FF51DB9D02300AEB00A /* Main.storyboard in Resources */ = {isa = PBXBuildFile; fileRef = A79F9FF31DB9D02300AEB00A /* Main.storyboard */; };
		A79F9FF71DB9D02300AEB00A /* Assets.xcassets in Resources */ = {isa = PBXBuildFile; fileRef = A79F9FF61DB9D02300AEB00A /* Assets.xcassets */; };
		A79F9FFA1DB9D02300AEB00A /* LaunchScreen.storyboard in Resources */ = {isa = PBXBuildFile; fileRef = A79F9FF81DB9D02300AEB00A /* LaunchScreen.storyboard */; };
/* End PBXBuildFile section */

/* Begin PBXFileReference section */
		A79F9FEC1DB9D02300AEB00A /* Swift-GPS-Example.app */ = {isa = PBXFileReference; explicitFileType = wrapper.application; includeInIndex = 0; path = "Swift-GPS-Example.app"; sourceTree = BUILT_PRODUCTS_DIR; };
		A79F9FEF1DB9D02300AEB00A /* AppDelegate.swift */ = {isa = PBXFileReference; lastKnownFileType = sourcecode.swift; path = AppDelegate.swift; sourceTree = "<group>"; };
		A79F9FF11DB9D02300AEB00A /* ViewController.swift */ = {isa = PBXFileReference; lastKnownFileType = sourcecode.swift; path = ViewController.swift; sourceTree = "<group>"; };
		A79F9FF41DB9D02300AEB00A /* Base */ = {isa = PBXFileReference; lastKnownFileType = file.storyboard; name = Base; path = Base.lproj/Main.storyboard; sourceTree = "<group>"; };
		A79F9FF61DB9D02300AEB00A /* Assets.xcassets */ = {isa = PBXFileReference; lastKnownFileType = folder.assetcatalog; path = Assets.xcassets; sourceTree = "<group>"; };
		A79F9FF91DB9D02300AEB00A /* Base */ = {isa = PBXFileReference; lastKnownFileType = file.storyboard; name = Base; path = Base.lproj/LaunchScreen.storyboard; sourceTree = "<group>"; };
		A79F9FFB1DB9D02300AEB00A /* Info.plist */ = {isa = PBXFileReference; lastKnownFileType = text.plist.xml; path = Info.plist; sourceTree = "<group>"; };
/* End PBXFileReference section */

/* Begin PBXFrameworksBuildPhase section */
		A79F9FE91DB9D02300AEB00A /* Frameworks */ = {
			isa = PBXFrameworksBuildPhase;
			buildActionMask = 2147483647;
			files = (
			);
			runOnlyForDeploymentPostprocessing = 0;
		};
/* End PBXFrameworksBuildPhase section */

/* Begin PBXGroup section */
		A79F9FE31DB9D02300AEB00A = {
			isa = PBXGroup;
			children = (
				A79F9FEE1DB9D02300AEB00A /* Swift-GPS-Example */,
				A79F9FED1DB9D02300AEB00A /* Products */,
			);
			sourceTree = "<group>";
		};
		A79F9FED1DB9D02300AEB00A /* Products */ = {
			isa = PBXGroup;
			children = (
				A79F9FEC1DB9D02300AEB00A /* Swift-GPS-Example.app */,
			);
			name = Products;
			sourceTree = "<group>";
		};
		A79F9FEE1DB9D02300AEB00A /* Swift-GPS-Example */ = {
			isa = PBXGroup;
			children = (
				A79F9FEF1DB9D02300AEB00A /* AppDelegate.swift */,
				A79F9FF11DB9D02300AEB00A /* ViewController.swift */,
				A79F9FF31DB9D02300AEB00A /* Main.storyboard */,
				A79F9FF61DB9D02300AEB00A /* Assets.xcassets */,
				A79F9FF81DB9D02300AEB00A /* LaunchScreen.storyboard */,
				A79F9FFB1DB9D02300AEB00A /* Info.plist */,
			);
			path = "Swift-GPS-Example";
			sourceTree = "<group>";
		};
/* End PBXGroup section */

/* Begin PBXNativeTarget section */
		A79F9FEB1DB9D02300AEB00A /* Swift-GPS-Example */ = {
			isa = PBXNativeTarget;
			buildConfigurationList = A79F9FFE1DB9D02300AEB00A /* Build configuration list for PBXNativeTarget "Swift-GPS-Example" */;
			buildPhases = (
				A79F9FE81DB9D02300AEB00A /* Sources */,
				A79F9FE91DB9D02300AEB00A /* Frameworks */,
				A79F9FEA1DB9D02300AEB00A /* Resources */,
			);
			buildRules = (
			);
			dependencies = (
			);
			name = "Swift-GPS-Example";
			productName = "Swift-GPS-Example";
			productReference = A79F9FEC1DB9D02300AEB00A /* Swift-GPS-Example.app */;
			productType = "com.apple.product-type.application";
		};
/* End PBXNativeTarget section */

/* Begin PBXProject section */
		A79F9FE41DB9D02300AEB00A /* Project object */ = {
			isa = PBXProject;
			attributes = {
				LastSwiftUpdateCheck = 0800;
				LastUpgradeCheck = 0800;
				ORGANIZATIONNAME = "乾太";
				TargetAttributes = {
					A79F9FEB1DB9D02300AEB00A = {
						CreatedOnToolsVersion = 8.0;
						DevelopmentTeam = CHBKD3LB2S;
						ProvisioningStyle = Automatic;
					};
				};
			};
			buildConfigurationList = A79F9FE71DB9D02300AEB00A /* Build configuration list for PBXProject "Swift-GPS-Example" */;
			compatibilityVersion = "Xcode 3.2";
			developmentRegion = English;
			hasScannedForEncodings = 0;
			knownRegions = (
				en,
				Base,
			);
			mainGroup = A79F9FE31DB9D02300AEB00A;
			productRefGroup = A79F9FED1DB9D02300AEB00A /* Products */;
			projectDirPath = "";
			projectRoot = "";
			targets = (
				A79F9FEB1DB9D02300AEB00A /* Swift-GPS-Example */,
			);
		};
/* End PBXProject section */

/* Begin PBXResourcesBuildPhase section */
		A79F9FEA1DB9D02300AEB00A /* Resources */ = {
			isa = PBXResourcesBuildPhase;
			buildActionMask = 2147483647;
			files = (
				A79F9FFA1DB9D02300AEB00A /* LaunchScreen.storyboard in Resources */,
				A79F9FF71DB9D02300AEB00A /* Assets.xcassets in Resources */,
				A79F9FF51DB9D02300AEB00A /* Main.storyboard in Resources */,
			);
			runOnlyForDeploymentPostprocessing = 0;
		};
/* End PBXResourcesBuildPhase section */

/* Begin PBXSourcesBuildPhase section */
		A79F9FE81DB9D02300AEB00A /* Sources */ = {
			isa = PBXSourcesBuildPhase;
			buildActionMask = 2147483647;
			files = (
				A79F9FF21DB9D02300AEB00A /* ViewController.swift in Sources */,
				A79F9FF01DB9D02300AEB00A /* AppDelegate.swift in Sources */,
			);
			runOnlyForDeploymentPostprocessing = 0;
		};
/* End PBXSourcesBuildPhase section */

/* Begin PBXVariantGroup section */
		A79F9FF31DB9D02300AEB00A /* Main.storyboard */ = {
			isa = PBXVariantGroup;
			children = (
				A79F9FF41DB9D02300AEB00A /* Base */,
			);
			name = Main.storyboard;
			sourceTree = "<group>";
		};
		A79F9FF81DB9D02300AEB00A /* LaunchScreen.storyboard */ = {
			isa = PBXVariantGroup;
			children = (
				A79F9FF91DB9D02300AEB00A /* Base */,
			);
			name = LaunchScreen.storyboard;
			sourceTree = "<group>";
		};
/* End PBXVariantGroup section */

/* Begin XCBuildConfiguration section */
		A79F9FFC1DB9D02300AEB00A /* Debug */ = {
			isa = XCBuildConfiguration;
			buildSettings = {
				ALWAYS_SEARCH_USER_PATHS = NO;
				CLANG_ANALYZER_NONNULL = YES;
				CLANG_CXX_LANGUAGE_STANDARD = "gnu++0x";
				CLANG_CXX_LIBRARY = "libc++";
				CLANG_ENABLE_MODULES = YES;
				CLANG_ENABLE_OBJC_ARC = YES;
				CLANG_WARN_BOOL_CONVERSION = YES;
				CLANG_WARN_CONSTANT_CONVERSION = YES;
				CLANG_WARN_DIRECT_OBJC_ISA_USAGE = YES_ERROR;
				CLANG_WARN_DOCUMENTATION_COMMENTS = YES;
				CLANG_WARN_EMPTY_BODY = YES;
				CLANG_WARN_ENUM_CONVERSION = YES;
				CLANG_WARN_INFINITE_RECURSION = YES;
				CLANG_WARN_INT_CONVERSION = YES;
				CLANG_WARN_OBJC_ROOT_CLASS = YES_ERROR;
				CLANG_WARN_SUSPICIOUS_MOVES = YES;
				CLANG_WARN_UNREACHABLE_CODE = YES;
				CLANG_WARN__DUPLICATE_METHOD_MATCH = YES;
				"CODE_SIGN_IDENTITY[sdk=iphoneos*]" = "iPhone Developer";
				COPY_PHASE_STRIP = NO;
				DEBUG_INFORMATION_FORMAT = dwarf;
				ENABLE_STRICT_OBJC_MSGSEND = YES;
				ENABLE_TESTABILITY = YES;
				GCC_C_LANGUAGE_STANDARD = gnu99;
				GCC_DYNAMIC_NO_PIC = NO;
				GCC_NO_COMMON_BLOCKS = YES;
				GCC_OPTIMIZATION_LEVEL = 0;
				GCC_PREPROCESSOR_DEFINITIONS = (
					"DEBUG=1",
					"$(inherited)",
				);
				GCC_WARN_64_TO_32_BIT_CONVERSION = YES;
				GCC_WARN_ABOUT_RETURN_TYPE = YES_ERROR;
				GCC_WARN_UNDECLARED_SELECTOR = YES;
				GCC_WARN_UNINITIALIZED_AUTOS = YES_AGGRESSIVE;
				GCC_WARN_UNUSED_FUNCTION = YES;
				GCC_WARN_UNUSED_VARIABLE = YES;
				IPHONEOS_DEPLOYMENT_TARGET = 10.0;
				MTL_ENABLE_DEBUG_INFO = YES;
				ONLY_ACTIVE_ARCH = YES;
				SDKROOT = iphoneos;
				SWIFT_ACTIVE_COMPILATION_CONDITIONS = DEBUG;
				SWIFT_OPTIMIZATION_LEVEL = "-Onone";
				TARGETED_DEVICE_FAMILY = "1,2";
			};
			name = Debug;
		};
		A79F9FFD1DB9D02300AEB00A /* Release */ = {
			isa = XCBuildConfiguration;
			buildSettings = {
				ALWAYS_SEARCH_USER_PATHS = NO;
				CLANG_ANALYZER_NONNULL = YES;
				CLANG_CXX_LANGUAGE_STANDARD = "gnu++0x";
				CLANG_CXX_LIBRARY = "libc++";
				CLANG_ENABLE_MODULES = YES;
				CLANG_ENABLE_OBJC_ARC = YES;
				CLANG_WARN_BOOL_CONVERSION = YES;
				CLANG_WARN_CONSTANT_CONVERSION = YES;
				CLANG_WARN_DIRECT_OBJC_ISA_USAGE = YES_ERROR;
				CLANG_WARN_DOCUMENTATION_COMMENTS = YES;
				CLANG_WARN_EMPTY_BODY = YES;
				CLANG_WARN_ENUM_CONVERSION = YES;
				CLANG_WARN_INFINITE_RECURSION = YES;
				CLANG_WARN_INT_CONVERSION = YES;
				CLANG_WARN_OBJC_ROOT_CLASS = YES_ERROR;
				CLANG_WARN_SUSPICIOUS_MOVES = YES;
				CLANG_WARN_UNREACHABLE_CODE = YES;
				CLANG_WARN__DUPLICATE_METHOD_MATCH = YES;
				"CODE_SIGN_IDENTITY[sdk=iphoneos*]" = "iPhone Developer";
				COPY_PHASE_STRIP = NO;
				DEBUG_INFORMATION_FORMAT = "dwarf-with-dsym";
				ENABLE_NS_ASSERTIONS = NO;
				ENABLE_STRICT_OBJC_MSGSEND = YES;
				GCC_C_LANGUAGE_STANDARD = gnu99;
				GCC_NO_COMMON_BLOCKS = YES;
				GCC_WARN_64_TO_32_BIT_CONVERSION = YES;
				GCC_WARN_ABOUT_RETURN_TYPE = YES_ERROR;
				GCC_WARN_UNDECLARED_SELECTOR = YES;
				GCC_WARN_UNINITIALIZED_AUTOS = YES_AGGRESSIVE;
				GCC_WARN_UNUSED_FUNCTION = YES;
				GCC_WARN_UNUSED_VARIABLE = YES;
				IPHONEOS_DEPLOYMENT_TARGET = 10.0;
				MTL_ENABLE_DEBUG_INFO = NO;
				SDKROOT = iphoneos;
				SWIFT_OPTIMIZATION_LEVEL = "-Owholemodule";
				TARGETED_DEVICE_FAMILY = "1,2";
				VALIDATE_PRODUCT = YES;
			};
			name = Release;
		};
		A79F9FFF1DB9D02300AEB00A /* Debug */ = {
			isa = XCBuildConfiguration;
			buildSettings = {
				ASSETCATALOG_COMPILER_APPICON_NAME = AppIcon;
				DEVELOPMENT_TEAM = CHBKD3LB2S;
				INFOPLIST_FILE = "Swift-GPS-Example/Info.plist";
				LD_RUNPATH_SEARCH_PATHS = "$(inherited) @executable_path/Frameworks";
				PRODUCT_BUNDLE_IDENTIFIER = "Kantai.Swift-GPS-Example";
				PRODUCT_NAME = "$(TARGET_NAME)";
				SWIFT_VERSION = 3.0;
			};
			name = Debug;
		};
		A79FA0001DB9D02300AEB00A /* Release */ = {
			isa = XCBuildConfiguration;
			buildSettings = {
				ASSETCATALOG_COMPILER_APPICON_NAME = AppIcon;
				DEVELOPMENT_TEAM = CHBKD3LB2S;
				INFOPLIST_FILE = "Swift-GPS-Example/Info.plist";
				LD_RUNPATH_SEARCH_PATHS = "$(inherited) @executable_path/Frameworks";
				PRODUCT_BUNDLE_IDENTIFIER = "Kantai.Swift-GPS-Example";
				PRODUCT_NAME = "$(TARGET_NAME)";
				SWIFT_VERSION = 3.0;
			};
			name = Release;
		};
/* End XCBuildConfiguration section */

/* Begin XCConfigurationList section */
		A79F9FE71DB9D02300AEB00A /* Build configuration list for PBXProject "Swift-GPS-Example" */ = {
			isa = XCConfigurationList;
			buildConfigurations = (
				A79F9FFC1DB9D02300AEB00A /* Debug */,
				A79F9FFD1DB9D02300AEB00A /* Release */,
			);
			defaultConfigurationIsVisible = 0;
			defaultConfigurationName = Release;
		};
		A79F9FFE1DB9D02300AEB00A /* Build configuration list for PBXNativeTarget "Swift-GPS-Example" */ = {
			isa = XCConfigurationList;
			buildConfigurations = (
				A79F9FFF1DB9D02300AEB00A /* Debug */,
				A79FA0001DB9D02300AEB00A /* Release */,
			);
			defaultConfigurationIsVisible = 0;
		};
/* End XCConfigurationList section */
	};
	rootObject = A79F9FE41DB9D02300AEB00A /* Project object */;
}
